Microsoft Visual Studio Solution File, Format Version 10.00
# Visual C++ Express 2008
Project("{8BC9CEB8-8B4A-11D0-8D11-00A0C91BC942}") = "libmbfl", "libmbfl.vcproj", "{B3636594-A785-4270-A765-8EAE922B5207}"
EndProject
Global
	GlobalSection(SolutionConfigurationPlatforms) = preSolution
		Debug|Win32 = Debug|Win32
		Release|Win32 = Release|Win32
	EndGlobalSection
	GlobalSection(ProjectConfigurationPlatforms) = postSolution
		{B3636594-A785-4270-A765-8EAE922B5207}.Debug|Win32.ActiveCfg = Debug|Win32
		{B3636594-A785-4270-A765-8EAE922B5207}.Debug|Win32.Build.0 = Debug|Win32
		{B3636594-A785-4270-A765-8EAE922B5207}.Release|Win32.ActiveCfg = Release|Win32
		{B3636594-A785-4270-A765-8EAE922B5207}.Release|Win32.Build.0 = Release|Win32
	EndGlobalSection
	GlobalSection(SolutionProperties) = preSolution
		HideSolutionNode = FALSE
	EndGlobalSection
EndGlobal
